{
  "name": "docpad-plugin-cleanurls-testsite",
  "version": "0.1.0",
  "lockfileVersion": 1,
  "requires": true,
  "dependencies": {
    "coffee-script": {
      "version": "1.12.7",
      "resolved": "https://registry.npmjs.org/coffee-script/-/coffee-script-1.12.7.tgz",
      "integrity": "sha512-fLeEhqwymYat/MpTPUjSKHVYYl0ec2mOyALEMLmzr5i1isuG+6jfI2j2d5oBO3VIzgUXgBVIcOT9uH1TFxBckw=="
    },
    "docpad-plugin-eco": {
      "version": "2.2.1",
      "resolved": "https://registry.npmjs.org/docpad-plugin-eco/-/docpad-plugin-eco-2.2.1.tgz",
      "integrity": "sha1-PgVLbJWvOr5MShER0tv6C7xV1BQ=",
      "requires": {
        "eco": "1.1.0-rc-3"
      }
    },
    "eco": {
      "version": "1.1.0-rc-3",
      "resolved": "https://registry.npmjs.org/eco/-/eco-1.1.0-rc-3.tgz",
      "integrity": "sha1-dCoyxGFa9wWrPppGts5cFtvFcmI=",
      "requires": {
        "coffee-script": "1.12.7",
        "strscan": "1.0.1"
      }
    },
    "strscan": {
      "version": "1.0.1",
      "resolved": "https://registry.npmjs.org/strscan/-/strscan-1.0.1.tgz",
      "integrity": "sha1-Ry2bwAxo6QbvL8Is33Yr58YazE0="
    }
  }
}
